<?xml version="1.0" encoding="utf-8"?>
<Project ToolsVersion="4.0" xmlns="http://schemas.microsoft.com/developer/msbuild/2003">
  <ItemGroup>
    <Filter Include="소스 파일">
      <UniqueIdentifier>{4FC737F1-C7A5-4376-A066-2A32D752A2FF}</UniqueIdentifier>
      <Extensions>cpp;c;cc;cxx;def;odl;idl;hpj;bat;asm;asmx</Extensions>
    </Filter>
    <Filter Include="헤더 파일">
      <UniqueIdentifier>{93995380-89BD-4b04-88EB-625FBE52EBFB}</UniqueIdentifier>
      <Extensions>h;hh;hpp;hxx;hm;inl;inc;ipp;xsd</Extensions>
    </Filter>
    <Filter Include="리소스 파일">
      <UniqueIdentifier>{67DA6AB6-F800-4c08-8B7A-83BB121AAD01}</UniqueIdentifier>
      <Extensions>rc;ico;cur;bmp;dlg;rc2;rct;bin;rgs;gif;jpg;jpeg;jpe;resx;tiff;tif;png;wav;mfcribbon-ms</Extensions>
    </Filter>
    <Filter Include="소스 파일\model">
      <UniqueIdentifier>{610de090-d7a3-40ed-8c0c-0c2f7d89c046}</UniqueIdentifier>
    </Filter>
    <Filter Include="소스 파일\view">
      <UniqueIdentifier>{94bb69ad-44d9-442b-b569-408d714b6230}</UniqueIdentifier>
    </Filter>
    <Filter Include="소스 파일\controller">
      <UniqueIdentifier>{9440d983-5875-46c7-8f41-0b053adfe7f3}</UniqueIdentifier>
    </Filter>
    <Filter Include="소스 파일\model\mineboom">
      <UniqueIdentifier>{9c728272-9cd1-4844-9b3e-8cdda9813ce7}</UniqueIdentifier>
    </Filter>
    <Filter Include="헤더 파일\preference">
      <UniqueIdentifier>{3ddcd426-2408-4223-bc69-5ef31841b595}</UniqueIdentifier>
    </Filter>
    <Filter Include="헤더 파일\mineboom">
      <UniqueIdentifier>{564dbeb4-edde-45ec-8db2-d17eec300dd7}</UniqueIdentifier>
    </Filter>
    <Filter Include="소스 파일\controller\mineboom">
      <UniqueIdentifier>{8383d688-32fc-4793-94f3-d7f2d076da7d}</UniqueIdentifier>
    </Filter>
    <Filter Include="소스 파일\model\baseball">
      <UniqueIdentifier>{7c8ed05d-8076-4791-a7b3-b4c66ad2bfcf}</UniqueIdentifier>
    </Filter>
    <Filter Include="헤더 파일\baseball">
      <UniqueIdentifier>{a3899dba-dffa-4879-a547-9220228137ae}</UniqueIdentifier>
    </Filter>
    <Filter Include="소스 파일\model\game2048">
      <UniqueIdentifier>{333b9937-7e38-43f0-986f-63fcb68f4beb}</UniqueIdentifier>
    </Filter>
    <Filter Include="헤더 파일\game2048">
      <UniqueIdentifier>{957d62f0-bc60-40b2-a8da-3624059d6925}</UniqueIdentifier>
    </Filter>
    <Filter Include="소스 파일\view\mineboom">
      <UniqueIdentifier>{8345357f-7756-423f-99ef-266f792152f9}</UniqueIdentifier>
    </Filter>
    <Filter Include="소스 파일\view\main">
      <UniqueIdentifier>{afe17c92-075a-4689-9cf4-96b4eafa8a14}</UniqueIdentifier>
    </Filter>
    <Filter Include="소스 파일\controller\main">
      <UniqueIdentifier>{c37fd560-0725-42cb-8ff3-f283d7916c17}</UniqueIdentifier>
    </Filter>
    <Filter Include="헤더 파일\main">
      <UniqueIdentifier>{0af2d6e9-7e2a-4f5e-9797-c94fa3b8189a}</UniqueIdentifier>
    </Filter>
    <Filter Include="소스 파일\model\pagesetter">
      <UniqueIdentifier>{5e99647e-a8a4-4d3e-87b8-fa262ada8c49}</UniqueIdentifier>
    </Filter>
    <Filter Include="헤더 파일\pagesetter">
      <UniqueIdentifier>{25e17e0d-f04d-4adb-97a0-9c9899eb53ed}</UniqueIdentifier>
    </Filter>
    <Filter Include="소스 파일\controller\menu">
      <UniqueIdentifier>{7ad80e7f-d194-45b1-a10c-9e31070ecac9}</UniqueIdentifier>
    </Filter>
    <Filter Include="헤더 파일\menu">
      <UniqueIdentifier>{474d56dc-9be2-4a96-8960-a8c22dd937e7}</UniqueIdentifier>
    </Filter>
    <Filter Include="소스 파일\view\menu">
      <UniqueIdentifier>{d4258b5c-10ea-48a5-8da1-2bd0d1b5843a}</UniqueIdentifier>
    </Filter>
    <Filter Include="소스 파일\controller\baseball">
      <UniqueIdentifier>{71fa9621-9521-4047-b05e-10c1a9140446}</UniqueIdentifier>
    </Filter>
    <Filter Include="소스 파일\view\baseball">
      <UniqueIdentifier>{58d828c9-ca95-400f-9587-75e2e07d193e}</UniqueIdentifier>
    </Filter>
    <Filter Include="소스 파일\view\game2048">
      <UniqueIdentifier>{b8eb7217-8ab3-4398-bb82-e6d127f07db4}</UniqueIdentifier>
    </Filter>
    <Filter Include="소스 파일\controller\game2048">
      <UniqueIdentifier>{c3eac306-9371-433c-a686-d09298e2cc3a}</UniqueIdentifier>
    </Filter>
  </ItemGroup>
  <ItemGroup>
    <ClCompile Include="mainsrc.c">
      <Filter>소스 파일</Filter>
    </ClCompile>
    <ClCompile Include="model_mineboom.c">
      <Filter>소스 파일\model\mineboom</Filter>
    </ClCompile>
    <ClCompile Include="controller_mineboom.c">
      <Filter>소스 파일\controller\mineboom</Filter>
    </ClCompile>
    <ClCompile Include="model_baseball.c">
      <Filter>소스 파일\model\baseball</Filter>
    </ClCompile>
    <ClCompile Include="model_gmae2048.c">
      <Filter>소스 파일\model\game2048</Filter>
    </ClCompile>
    <ClCompile Include="controller_main.c">
      <Filter>소스 파일\controller\main</Filter>
    </ClCompile>
    <ClCompile Include="view_main.c">
      <Filter>소스 파일\view\main</Filter>
    </ClCompile>
    <ClCompile Include="model_pagesetter.c">
      <Filter>소스 파일\model\pagesetter</Filter>
    </ClCompile>
    <ClCompile Include="model_pagesetter.h">
      <Filter>헤더 파일\pagesetter</Filter>
    </ClCompile>
    <ClCompile Include="controller_menu.c">
      <Filter>소스 파일\controller\menu</Filter>
    </ClCompile>
    <ClCompile Include="view_menu.c">
      <Filter>소스 파일\view\menu</Filter>
    </ClCompile>
    <ClCompile Include="view_mineboom.c">
      <Filter>소스 파일\view\mineboom</Filter>
    </ClCompile>
    <ClCompile Include="controller_baseball.c">
      <Filter>소스 파일\controller\baseball</Filter>
    </ClCompile>
    <ClCompile Include="view_baseball.c">
      <Filter>소스 파일\view\baseball</Filter>
    </ClCompile>
    <ClCompile Include="view_game2048.c">
      <Filter>소스 파일\view\game2048</Filter>
    </ClCompile>
    <ClCompile Include="controller_game2048.c">
      <Filter>소스 파일\controller\game2048</Filter>
    </ClCompile>
  </ItemGroup>
  <ItemGroup>
    <ClInclude Include="model_mineboom.h">
      <Filter>헤더 파일\mineboom</Filter>
    </ClInclude>
    <ClInclude Include="controller_mineboom.h">
      <Filter>헤더 파일\mineboom</Filter>
    </ClInclude>
    <ClInclude Include="model_baseball.h">
      <Filter>헤더 파일\baseball</Filter>
    </ClInclude>
    <ClInclude Include="model_game2048.h">
      <Filter>헤더 파일\game2048</Filter>
    </ClInclude>
    <ClInclude Include="controller_main.h">
      <Filter>헤더 파일\main</Filter>
    </ClInclude>
    <ClInclude Include="preference_page.h">
      <Filter>헤더 파일\preference</Filter>
    </ClInclude>
    <ClInclude Include="view_main.h">
      <Filter>헤더 파일\main</Filter>
    </ClInclude>
    <ClInclude Include="controller_menu.h">
      <Filter>헤더 파일\menu</Filter>
    </ClInclude>
    <ClInclude Include="view_menu.h">
      <Filter>헤더 파일\menu</Filter>
    </ClInclude>
    <ClInclude Include="view_mineboom.h">
      <Filter>헤더 파일\mineboom</Filter>
    </ClInclude>
    <ClInclude Include="controller_baseball.h">
      <Filter>헤더 파일\baseball</Filter>
    </ClInclude>
    <ClInclude Include="view_baseball.h">
      <Filter>헤더 파일\baseball</Filter>
    </ClInclude>
    <ClInclude Include="view_game2048.h">
      <Filter>헤더 파일\game2048</Filter>
    </ClInclude>
    <ClInclude Include="controller_game2048.h">
      <Filter>헤더 파일\game2048</Filter>
    </ClInclude>
  </ItemGroup>
</Project>